// !$*UTF8*$!
{
	archiveVersion = 1;
	classes = {
	};
	objectVersion = 56;
	objects = {

/* Begin PBXBuildFile section */
		DE1327D62A05367E00915F0D /* AppDelegate.swift in Sources */ = {isa = PBXBuildFile; fileRef = DE1327D52A05367E00915F0D /* AppDelegate.swift */; };
		DE1327D82A05367E00915F0D /* SceneDelegate.swift in Sources */ = {isa = PBXBuildFile; fileRef = DE1327D72A05367E00915F0D /* SceneDelegate.swift */; };
		DE1327DA2A05367E00915F0D /* ExpensesViewController.swift in Sources */ = {isa = PBXBuildFile; fileRef = DE1327D92A05367E00915F0D /* ExpensesViewController.swift */; };
		DE1327DD2A05367E00915F0D /* Main.storyboard in Resources */ = {isa = PBXBuildFile; fileRef = DE1327DB2A05367E00915F0D /* Main.storyboard */; };
		DE1327DF2A05367F00915F0D /* Assets.xcassets in Resources */ = {isa = PBXBuildFile; fileRef = DE1327DE2A05367F00915F0D /* Assets.xcassets */; };
		DE1327E22A05367F00915F0D /* LaunchScreen.storyboard in Resources */ = {isa = PBXBuildFile; fileRef = DE1327E02A05367F00915F0D /* LaunchScreen.storyboard */; };
		DE1327EE2A0571CA00915F0D /* LayoutAnchors.swift in Sources */ = {isa = PBXBuildFile; fileRef = DE1327ED2A0571CA00915F0D /* LayoutAnchors.swift */; };
		DE1327F02A05C66D00915F0D /* deneme.swift in Sources */ = {isa = PBXBuildFile; fileRef = DE1327EF2A05C66D00915F0D /* deneme.swift */; };
		DE8A97572A07D0A9008DCC23 /* GelirGiderHavale.swift in Sources */ = {isa = PBXBuildFile; fileRef = DE8A97562A07D0A9008DCC23 /* GelirGiderHavale.swift */; };
		DE904AD22A069EC900CB4847 /* RealmModel.swift in Sources */ = {isa = PBXBuildFile; fileRef = DE904AD12A069EC900CB4847 /* RealmModel.swift */; };
		DE904AD52A069F0F00CB4847 /* Realm in Frameworks */ = {isa = PBXBuildFile; productRef = DE904AD42A069F0F00CB4847 /* Realm */; };
		DE904AD72A069F0F00CB4847 /* RealmSwift in Frameworks */ = {isa = PBXBuildFile; productRef = DE904AD62A069F0F00CB4847 /* RealmSwift */; };
		DE904AD92A06A42500CB4847 /* TrackerDAO.swift in Sources */ = {isa = PBXBuildFile; fileRef = DE904AD82A06A42500CB4847 /* TrackerDAO.swift */; };
		DE98EC6F2A07C28800F010D0 /* GelirGiderViewController.swift in Sources */ = {isa = PBXBuildFile; fileRef = DE98EC6E2A07C28800F010D0 /* GelirGiderViewController.swift */; };
/* End PBXBuildFile section */

/* Begin PBXFileReference section */
		DE1327D22A05367E00915F0D /* Expense Tracker.app */ = {isa = PBXFileReference; explicitFileType = wrapper.application; includeInIndex = 0; path = "Expense Tracker.app"; sourceTree = BUILT_PRODUCTS_DIR; };
		DE1327D52A05367E00915F0D /* AppDelegate.swift */ = {isa = PBXFileReference; lastKnownFileType = sourcecode.swift; path = AppDelegate.swift; sourceTree = "<group>"; };
		DE1327D72A05367E00915F0D /* SceneDelegate.swift */ = {isa = PBXFileReference; lastKnownFileType = sourcecode.swift; path = SceneDelegate.swift; sourceTree = "<group>"; };
		DE1327D92A05367E00915F0D /* ExpensesViewController.swift */ = {isa = PBXFileReference; lastKnownFileType = sourcecode.swift; path = ExpensesViewController.swift; sourceTree = "<group>"; };
		DE1327DC2A05367E00915F0D /* Base */ = {isa = PBXFileReference; lastKnownFileType = file.storyboard; name = Base; path = Base.lproj/Main.storyboard; sourceTree = "<group>"; };
		DE1327DE2A05367F00915F0D /* Assets.xcassets */ = {isa = PBXFileReference; lastKnownFileType = folder.assetcatalog; path = Assets.xcassets; sourceTree = "<group>"; };
		DE1327E12A05367F00915F0D /* Base */ = {isa = PBXFileReference; lastKnownFileType = file.storyboard; name = Base; path = Base.lproj/LaunchScreen.storyboard; sourceTree = "<group>"; };
		DE1327E32A05367F00915F0D /* Info.plist */ = {isa = PBXFileReference; lastKnownFileType = text.plist.xml; path = Info.plist; sourceTree = "<group>"; };
		DE1327ED2A0571CA00915F0D /* LayoutAnchors.swift */ = {isa = PBXFileReference; lastKnownFileType = sourcecode.swift; path = LayoutAnchors.swift; sourceTree = "<group>"; };
		DE1327EF2A05C66D00915F0D /* deneme.swift */ = {isa = PBXFileReference; lastKnownFileType = sourcecode.swift; path = deneme.swift; sourceTree = "<group>"; };
		DE8A97562A07D0A9008DCC23 /* GelirGiderHavale.swift */ = {isa = PBXFileReference; lastKnownFileType = sourcecode.swift; path = GelirGiderHavale.swift; sourceTree = "<group>"; };
		DE904AD12A069EC900CB4847 /* RealmModel.swift */ = {isa = PBXFileReference; lastKnownFileType = sourcecode.swift; path = RealmModel.swift; sourceTree = "<group>"; };
		DE904AD82A06A42500CB4847 /* TrackerDAO.swift */ = {isa = PBXFileReference; lastKnownFileType = sourcecode.swift; path = TrackerDAO.swift; sourceTree = "<group>"; };
		DE98EC6E2A07C28800F010D0 /* GelirGiderViewController.swift */ = {isa = PBXFileReference; lastKnownFileType = sourcecode.swift; path = GelirGiderViewController.swift; sourceTree = "<group>"; };
/* End PBXFileReference section */

/* Begin PBXFrameworksBuildPhase section */
		DE1327CF2A05367E00915F0D /* Frameworks */ = {
			isa = PBXFrameworksBuildPhase;
			buildActionMask = 2147483647;
			files = (
				DE904AD72A069F0F00CB4847 /* RealmSwift in Frameworks */,
				DE904AD52A069F0F00CB4847 /* Realm in Frameworks */,
			);
			runOnlyForDeploymentPostprocessing = 0;
		};
/* End PBXFrameworksBuildPhase section */

/* Begin PBXGroup section */
		DE1327C92A05367E00915F0D = {
			isa = PBXGroup;
			children = (
				DE1327D42A05367E00915F0D /* Expense Tracker */,
				DE1327D32A05367E00915F0D /* Products */,
			);
			sourceTree = "<group>";
		};
		DE1327D32A05367E00915F0D /* Products */ = {
			isa = PBXGroup;
			children = (
				DE1327D22A05367E00915F0D /* Expense Tracker.app */,
			);
			name = Products;
			sourceTree = "<group>";
		};
		DE1327D42A05367E00915F0D /* Expense Tracker */ = {
			isa = PBXGroup;
			children = (
				DE1327EC2A0571A100915F0D /* Extensions */,
				DE1327EB2A056DE800915F0D /* Controller */,
				DE1327EA2A056DE400915F0D /* View */,
				DE1327D52A05367E00915F0D /* AppDelegate.swift */,
				DE1327D72A05367E00915F0D /* SceneDelegate.swift */,
				DE1327DB2A05367E00915F0D /* Main.storyboard */,
				DE1327E92A056DDE00915F0D /* Model */,
				DE1327DE2A05367F00915F0D /* Assets.xcassets */,
				DE1327E02A05367F00915F0D /* LaunchScreen.storyboard */,
				DE1327E32A05367F00915F0D /* Info.plist */,
				DE904AD82A06A42500CB4847 /* TrackerDAO.swift */,
			);
			path = "Expense Tracker";
			sourceTree = "<group>";
		};
		DE1327E92A056DDE00915F0D /* Model */ = {
			isa = PBXGroup;
			children = (
				DE904AD12A069EC900CB4847 /* RealmModel.swift */,
				DE8A97562A07D0A9008DCC23 /* GelirGiderHavale.swift */,
			);
			path = Model;
			sourceTree = "<group>";
		};
		DE1327EA2A056DE400915F0D /* View */ = {
			isa = PBXGroup;
			children = (
			);
			path = View;
			sourceTree = "<group>";
		};
		DE1327EB2A056DE800915F0D /* Controller */ = {
			isa = PBXGroup;
			children = (
				DE1327D92A05367E00915F0D /* ExpensesViewController.swift */,
				DE1327EF2A05C66D00915F0D /* deneme.swift */,
				DE98EC6E2A07C28800F010D0 /* GelirGiderViewController.swift */,
			);
			path = Controller;
			sourceTree = "<group>";
		};
		DE1327EC2A0571A100915F0D /* Extensions */ = {
			isa = PBXGroup;
			children = (
				DE1327ED2A0571CA00915F0D /* LayoutAnchors.swift */,
			);
			path = Extensions;
			sourceTree = "<group>";
		};
/* End PBXGroup section */

/* Begin PBXNativeTarget section */
		DE1327D12A05367E00915F0D /* Expense Tracker */ = {
			isa = PBXNativeTarget;
			buildConfigurationList = DE1327E62A05367F00915F0D /* Build configuration list for PBXNativeTarget "Expense Tracker" */;
			buildPhases = (
				DE1327CE2A05367E00915F0D /* Sources */,
				DE1327CF2A05367E00915F0D /* Frameworks */,
				DE1327D02A05367E00915F0D /* Resources */,
			);
			buildRules = (
			);
			dependencies = (
			);
			name = "Expense Tracker";
			packageProductDependencies = (
				DE904AD42A069F0F00CB4847 /* Realm */,
				DE904AD62A069F0F00CB4847 /* RealmSwift */,
			);
			productName = "Expense Tracker";
			productReference = DE1327D22A05367E00915F0D /* Expense Tracker.app */;
			productType = "com.apple.product-type.application";
		};
/* End PBXNativeTarget section */

/* Begin PBXProject section */
		DE1327CA2A05367E00915F0D /* Project object */ = {
			isa = PBXProject;
			attributes = {
				BuildIndependentTargetsInParallel = 1;
				LastSwiftUpdateCheck = 1430;
				LastUpgradeCheck = 1430;
				TargetAttributes = {
					DE1327D12A05367E00915F0D = {
						CreatedOnToolsVersion = 14.3;
					};
				};
			};
			buildConfigurationList = DE1327CD2A05367E00915F0D /* Build configuration list for PBXProject "Expense Tracker" */;
			compatibilityVersion = "Xcode 14.0";
			developmentRegion = en;
			hasScannedForEncodings = 0;
			knownRegions = (
				en,
				Base,
			);
			mainGroup = DE1327C92A05367E00915F0D;
			packageReferences = (
				DE904AD32A069F0F00CB4847 /* XCRemoteSwiftPackageReference "realm-swift" */,
			);
			productRefGroup = DE1327D32A05367E00915F0D /* Products */;
			projectDirPath = "";
			projectRoot = "";
			targets = (
				DE1327D12A05367E00915F0D /* Expense Tracker */,
			);
		};
/* End PBXProject section */

/* Begin PBXResourcesBuildPhase section */
		DE1327D02A05367E00915F0D /* Resources */ = {
			isa = PBXResourcesBuildPhase;
			buildActionMask = 2147483647;
			files = (
				DE1327E22A05367F00915F0D /* LaunchScreen.storyboard in Resources */,
				DE1327DF2A05367F00915F0D /* Assets.xcassets in Resources */,
				DE1327DD2A05367E00915F0D /* Main.storyboard in Resources */,
			);
			runOnlyForDeploymentPostprocessing = 0;
		};
/* End PBXResourcesBuildPhase section */

/* Begin PBXSourcesBuildPhase section */
		DE1327CE2A05367E00915F0D /* Sources */ = {
			isa = PBXSourcesBuildPhase;
			buildActionMask = 2147483647;
			files = (
				DE1327DA2A05367E00915F0D /* ExpensesViewController.swift in Sources */,
				DE904AD22A069EC900CB4847 /* RealmModel.swift in Sources */,
				DE1327D62A05367E00915F0D /* AppDelegate.swift in Sources */,
				DE1327F02A05C66D00915F0D /* deneme.swift in Sources */,
				DE1327EE2A0571CA00915F0D /* LayoutAnchors.swift in Sources */,
				DE904AD92A06A42500CB4847 /* TrackerDAO.swift in Sources */,
				DE98EC6F2A07C28800F010D0 /* GelirGiderViewController.swift in Sources */,
				DE1327D82A05367E00915F0D /* SceneDelegate.swift in Sources */,
				DE8A97572A07D0A9008DCC23 /* GelirGiderHavale.swift in Sources */,
			);
			runOnlyForDeploymentPostprocessing = 0;
		};
/* End PBXSourcesBuildPhase section */

/* Begin PBXVariantGroup section */
		DE1327DB2A05367E00915F0D /* Main.storyboard */ = {
			isa = PBXVariantGroup;
			children = (
				DE1327DC2A05367E00915F0D /* Base */,
			);
			name = Main.storyboard;
			sourceTree = "<group>";
		};
		DE1327E02A05367F00915F0D /* LaunchScreen.storyboard */ = {
			isa = PBXVariantGroup;
			children = (
				DE1327E12A05367F00915F0D /* Base */,
			);
			name = LaunchScreen.storyboard;
			sourceTree = "<group>";
		};
/* End PBXVariantGroup section */

/* Begin XCBuildConfiguration section */
		DE1327E42A05367F00915F0D /* Debug */ = {
			isa = XCBuildConfiguration;
			buildSettings = {
				ALWAYS_SEARCH_USER_PATHS = NO;
				CLANG_ANALYZER_NONNULL = YES;
				CLANG_ANALYZER_NUMBER_OBJECT_CONVERSION = YES_AGGRESSIVE;
				CLANG_CXX_LANGUAGE_STANDARD = "gnu++20";
				CLANG_ENABLE_MODULES = YES;
				CLANG_ENABLE_OBJC_ARC = YES;
				CLANG_ENABLE_OBJC_WEAK = YES;
				CLANG_WARN_BLOCK_CAPTURE_AUTORELEASING = YES;
				CLANG_WARN_BOOL_CONVERSION = YES;
				CLANG_WARN_COMMA = YES;
				CLANG_WARN_CONSTANT_CONVERSION = YES;
				CLANG_WARN_DEPRECATED_OBJC_IMPLEMENTATIONS = YES;
				CLANG_WARN_DIRECT_OBJC_ISA_USAGE = YES_ERROR;
				CLANG_WARN_DOCUMENTATION_COMMENTS = YES;
				CLANG_WARN_EMPTY_BODY = YES;
				CLANG_WARN_ENUM_CONVERSION = YES;
				CLANG_WARN_INFINITE_RECURSION = YES;
				CLANG_WARN_INT_CONVERSION = YES;
				CLANG_WARN_NON_LITERAL_NULL_CONVERSION = YES;
				CLANG_WARN_OBJC_IMPLICIT_RETAIN_SELF = YES;
				CLANG_WARN_OBJC_LITERAL_CONVERSION = YES;
				CLANG_WARN_OBJC_ROOT_CLASS = YES_ERROR;
				CLANG_WARN_QUOTED_INCLUDE_IN_FRAMEWORK_HEADER = YES;
				CLANG_WARN_RANGE_LOOP_ANALYSIS = YES;
				CLANG_WARN_STRICT_PROTOTYPES = YES;
				CLANG_WARN_SUSPICIOUS_MOVE = YES;
				CLANG_WARN_UNGUARDED_AVAILABILITY = YES_AGGRESSIVE;
				CLANG_WARN_UNREACHABLE_CODE = YES;
				CLANG_WARN__DUPLICATE_METHOD_MATCH = YES;
				COPY_PHASE_STRIP = NO;
				DEBUG_INFORMATION_FORMAT = dwarf;
				ENABLE_STRICT_OBJC_MSGSEND = YES;
				ENABLE_TESTABILITY = YES;
				GCC_C_LANGUAGE_STANDARD = gnu11;
				GCC_DYNAMIC_NO_PIC = NO;
				GCC_NO_COMMON_BLOCKS = YES;
				GCC_OPTIMIZATION_LEVEL = 0;
				GCC_PREPROCESSOR_DEFINITIONS = (
					"DEBUG=1",
					"$(inherited)",
				);
				GCC_WARN_64_TO_32_BIT_CONVERSION = YES;
				GCC_WARN_ABOUT_RETURN_TYPE = YES_ERROR;
				GCC_WARN_UNDECLARED_SELECTOR = YES;
				GCC_WARN_UNINITIALIZED_AUTOS = YES_AGGRESSIVE;
				GCC_WARN_UNUSED_FUNCTION = YES;
				GCC_WARN_UNUSED_VARIABLE = YES;
				IPHONEOS_DEPLOYMENT_TARGET = 16.4;
				MTL_ENABLE_DEBUG_INFO = INCLUDE_SOURCE;
				MTL_FAST_MATH = YES;
				ONLY_ACTIVE_ARCH = YES;
				SDKROOT = iphoneos;
				SWIFT_ACTIVE_COMPILATION_CONDITIONS = DEBUG;
				SWIFT_OPTIMIZATION_LEVEL = "-Onone";
			};
			name = Debug;
		};
		DE1327E52A05367F00915F0D /* Release */ = {
			isa = XCBuildConfiguration;
			buildSettings = {
				ALWAYS_SEARCH_USER_PATHS = NO;
				CLANG_ANALYZER_NONNULL = YES;
				CLANG_ANALYZER_NUMBER_OBJECT_CONVERSION = YES_AGGRESSIVE;
				CLANG_CXX_LANGUAGE_STANDARD = "gnu++20";
				CLANG_ENABLE_MODULES = YES;
				CLANG_ENABLE_OBJC_ARC = YES;
				CLANG_ENABLE_OBJC_WEAK = YES;
				CLANG_WARN_BLOCK_CAPTURE_AUTORELEASING = YES;
				CLANG_WARN_BOOL_CONVERSION = YES;
				CLANG_WARN_COMMA = YES;
				CLANG_WARN_CONSTANT_CONVERSION = YES;
				CLANG_WARN_DEPRECATED_OBJC_IMPLEMENTATIONS = YES;
				CLANG_WARN_DIRECT_OBJC_ISA_USAGE = YES_ERROR;
				CLANG_WARN_DOCUMENTATION_COMMENTS = YES;
				CLANG_WARN_EMPTY_BODY = YES;
				CLANG_WARN_ENUM_CONVERSION = YES;
				CLANG_WARN_INFINITE_RECURSION = YES;
				CLANG_WARN_INT_CONVERSION = YES;
				CLANG_WARN_NON_LITERAL_NULL_CONVERSION = YES;
				CLANG_WARN_OBJC_IMPLICIT_RETAIN_SELF = YES;
				CLANG_WARN_OBJC_LITERAL_CONVERSION = YES;
				CLANG_WARN_OBJC_ROOT_CLASS = YES_ERROR;
				CLANG_WARN_QUOTED_INCLUDE_IN_FRAMEWORK_HEADER = YES;
				CLANG_WARN_RANGE_LOOP_ANALYSIS = YES;
				CLANG_WARN_STRICT_PROTOTYPES = YES;
				CLANG_WARN_SUSPICIOUS_MOVE = YES;
				CLANG_WARN_UNGUARDED_AVAILABILITY = YES_AGGRESSIVE;
				CLANG_WARN_UNREACHABLE_CODE = YES;
				CLANG_WARN__DUPLICATE_METHOD_MATCH = YES;
				COPY_PHASE_STRIP = NO;
				DEBUG_INFORMATION_FORMAT = "dwarf-with-dsym";
				ENABLE_NS_ASSERTIONS = NO;
				ENABLE_STRICT_OBJC_MSGSEND = YES;
				GCC_C_LANGUAGE_STANDARD = gnu11;
				GCC_NO_COMMON_BLOCKS = YES;
				GCC_WARN_64_TO_32_BIT_CONVERSION = YES;
				GCC_WARN_ABOUT_RETURN_TYPE = YES_ERROR;
				GCC_WARN_UNDECLARED_SELECTOR = YES;
				GCC_WARN_UNINITIALIZED_AUTOS = YES_AGGRESSIVE;
				GCC_WARN_UNUSED_FUNCTION = YES;
				GCC_WARN_UNUSED_VARIABLE = YES;
				IPHONEOS_DEPLOYMENT_TARGET = 16.4;
				MTL_ENABLE_DEBUG_INFO = NO;
				MTL_FAST_MATH = YES;
				SDKROOT = iphoneos;
				SWIFT_COMPILATION_MODE = wholemodule;
				SWIFT_OPTIMIZATION_LEVEL = "-O";
				VALIDATE_PRODUCT = YES;
			};
			name = Release;
		};
		DE1327E72A05367F00915F0D /* Debug */ = {
			isa = XCBuildConfiguration;
			buildSettings = {
				ASSETCATALOG_COMPILER_APPICON_NAME = AppIcon;
				ASSETCATALOG_COMPILER_GLOBAL_ACCENT_COLOR_NAME = AccentColor;
				CODE_SIGN_STYLE = Automatic;
				CURRENT_PROJECT_VERSION = 1;
				DEVELOPMENT_TEAM = ZY98G8GQD4;
				GENERATE_INFOPLIST_FILE = YES;
				INFOPLIST_FILE = "Expense Tracker/Info.plist";
				INFOPLIST_KEY_UIApplicationSupportsIndirectInputEvents = YES;
				INFOPLIST_KEY_UILaunchStoryboardName = LaunchScreen;
				INFOPLIST_KEY_UIMainStoryboardFile = Main;
				INFOPLIST_KEY_UISupportedInterfaceOrientations_iPad = "UIInterfaceOrientationPortrait UIInterfaceOrientationPortraitUpsideDown UIInterfaceOrientationLandscapeLeft UIInterfaceOrientationLandscapeRight";
				INFOPLIST_KEY_UISupportedInterfaceOrientations_iPhone = "UIInterfaceOrientationPortrait UIInterfaceOrientationLandscapeLeft UIInterfaceOrientationLandscapeRight";
				IPHONEOS_DEPLOYMENT_TARGET = 13.1;
				LD_RUNPATH_SEARCH_PATHS = (
					"$(inherited)",
					"@executable_path/Frameworks",
				);
				MARKETING_VERSION = 1.0;
				PRODUCT_BUNDLE_IDENTIFIER = "com.erkancosar.Expense-Tracker";
				PRODUCT_NAME = "$(TARGET_NAME)";
				SWIFT_EMIT_LOC_STRINGS = YES;
				SWIFT_VERSION = 5.0;
				TARGETED_DEVICE_FAMILY = "1,2";
			};
			name = Debug;
		};
		DE1327E82A05367F00915F0D /* Release */ = {
			isa = XCBuildConfiguration;
			buildSettings = {
				ASSETCATALOG_COMPILER_APPICON_NAME = AppIcon;
				ASSETCATALOG_COMPILER_GLOBAL_ACCENT_COLOR_NAME = AccentColor;
				CODE_SIGN_STYLE = Automatic;
				CURRENT_PROJECT_VERSION = 1;
				DEVELOPMENT_TEAM = ZY98G8GQD4;
				GENERATE_INFOPLIST_FILE = YES;
				INFOPLIST_FILE = "Expense Tracker/Info.plist";
				INFOPLIST_KEY_UIApplicationSupportsIndirectInputEvents = YES;
				INFOPLIST_KEY_UILaunchStoryboardName = LaunchScreen;
				INFOPLIST_KEY_UIMainStoryboardFile = Main;
				INFOPLIST_KEY_UISupportedInterfaceOrientations_iPad = "UIInterfaceOrientationPortrait UIInterfaceOrientationPortraitUpsideDown UIInterfaceOrientationLandscapeLeft UIInterfaceOrientationLandscapeRight";
				INFOPLIST_KEY_UISupportedInterfaceOrientations_iPhone = "UIInterfaceOrientationPortrait UIInterfaceOrientationLandscapeLeft UIInterfaceOrientationLandscapeRight";
				IPHONEOS_DEPLOYMENT_TARGET = 13.1;
				LD_RUNPATH_SEARCH_PATHS = (
					"$(inherited)",
					"@executable_path/Frameworks",
				);
				MARKETING_VERSION = 1.0;
				PRODUCT_BUNDLE_IDENTIFIER = "com.erkancosar.Expense-Tracker";
				PRODUCT_NAME = "$(TARGET_NAME)";
				SWIFT_EMIT_LOC_STRINGS = YES;
				SWIFT_VERSION = 5.0;
				TARGETED_DEVICE_FAMILY = "1,2";
			};
			name = Release;
		};
/* End XCBuildConfiguration section */

/* Begin XCConfigurationList section */
		DE1327CD2A05367E00915F0D /* Build configuration list for PBXProject "Expense Tracker" */ = {
			isa = XCConfigurationList;
			buildConfigurations = (
				DE1327E42A05367F00915F0D /* Debug */,
				DE1327E52A05367F00915F0D /* Release */,
			);
			defaultConfigurationIsVisible = 0;
			defaultConfigurationName = Release;
		};
		DE1327E62A05367F00915F0D /* Build configuration list for PBXNativeTarget "Expense Tracker" */ = {
			isa = XCConfigurationList;
			buildConfigurations = (
				DE1327E72A05367F00915F0D /* Debug */,
				DE1327E82A05367F00915F0D /* Release */,
			);
			defaultConfigurationIsVisible = 0;
			defaultConfigurationName = Release;
		};
/* End XCConfigurationList section */

/* Begin XCRemoteSwiftPackageReference section */
		DE904AD32A069F0F00CB4847 /* XCRemoteSwiftPackageReference "realm-swift" */ = {
			isa = XCRemoteSwiftPackageReference;
			repositoryURL = "https://github.com/realm/realm-swift.git";
			requirement = {
				branch = master;
				kind = branch;
			};
		};
/* End XCRemoteSwiftPackageReference section */

/* Begin XCSwiftPackageProductDependency section */
		DE904AD42A069F0F00CB4847 /* Realm */ = {
			isa = XCSwiftPackageProductDependency;
			package = DE904AD32A069F0F00CB4847 /* XCRemoteSwiftPackageReference "realm-swift" */;
			productName = Realm;
		};
		DE904AD62A069F0F00CB4847 /* RealmSwift */ = {
			isa = XCSwiftPackageProductDependency;
			package = DE904AD32A069F0F00CB4847 /* XCRemoteSwiftPackageReference "realm-swift" */;
			productName = RealmSwift;
		};
/* End XCSwiftPackageProductDependency section */
	};
	rootObject = DE1327CA2A05367E00915F0D /* Project object */;
}
